// !$*UTF8*$!
{
	archiveVersion = 1;
	classes = {
	};
	objectVersion = 50;
	objects = {

/* Begin PBXBuildFile section */
		EC7D87B32545C9EB00A66EB3 /* AppDelegate.swift in Sources */ = {isa = PBXBuildFile; fileRef = EC7D87B22545C9EB00A66EB3 /* AppDelegate.swift */; };
		EC7D87B52545C9EB00A66EB3 /* SceneDelegate.swift in Sources */ = {isa = PBXBuildFile; fileRef = EC7D87B42545C9EB00A66EB3 /* SceneDelegate.swift */; };
		EC7D87B72545C9EB00A66EB3 /* ViewController.swift in Sources */ = {isa = PBXBuildFile; fileRef = EC7D87B62545C9EB00A66EB3 /* ViewController.swift */; };
		EC7D87BA2545C9EB00A66EB3 /* Main.storyboard in Resources */ = {isa = PBXBuildFile; fileRef = EC7D87B82545C9EB00A66EB3 /* Main.storyboard */; };
		EC7D87BC2545C9EC00A66EB3 /* Assets.xcassets in Resources */ = {isa = PBXBuildFile; fileRef = EC7D87BB2545C9EC00A66EB3 /* Assets.xcassets */; };
		EC7D87BF2545C9EC00A66EB3 /* LaunchScreen.storyboard in Resources */ = {isa = PBXBuildFile; fileRef = EC7D87BD2545C9EC00A66EB3 /* LaunchScreen.storyboard */; };
/* End PBXBuildFile section */

/* Begin PBXFileReference section */
		EC7D87AF2545C9EB00A66EB3 /* LayoutUpdateCycle.app */ = {isa = PBXFileReference; explicitFileType = wrapper.application; includeInIndex = 0; path = LayoutUpdateCycle.app; sourceTree = BUILT_PRODUCTS_DIR; };
		EC7D87B22545C9EB00A66EB3 /* AppDelegate.swift */ = {isa = PBXFileReference; lastKnownFileType = sourcecode.swift; path = AppDelegate.swift; sourceTree = "<group>"; };
		EC7D87B42545C9EB00A66EB3 /* SceneDelegate.swift */ = {isa = PBXFileReference; lastKnownFileType = sourcecode.swift; path = SceneDelegate.swift; sourceTree = "<group>"; };
		EC7D87B62545C9EB00A66EB3 /* ViewController.swift */ = {isa = PBXFileReference; lastKnownFileType = sourcecode.swift; path = ViewController.swift; sourceTree = "<group>"; };
		EC7D87B92545C9EB00A66EB3 /* Base */ = {isa = PBXFileReference; lastKnownFileType = file.storyboard; name = Base; path = Base.lproj/Main.storyboard; sourceTree = "<group>"; };
		EC7D87BB2545C9EC00A66EB3 /* Assets.xcassets */ = {isa = PBXFileReference; lastKnownFileType = folder.assetcatalog; path = Assets.xcassets; sourceTree = "<group>"; };
		EC7D87BE2545C9EC00A66EB3 /* Base */ = {isa = PBXFileReference; lastKnownFileType = file.storyboard; name = Base; path = Base.lproj/LaunchScreen.storyboard; sourceTree = "<group>"; };
		EC7D87C02545C9EC00A66EB3 /* Info.plist */ = {isa = PBXFileReference; lastKnownFileType = text.plist.xml; path = Info.plist; sourceTree = "<group>"; };
/* End PBXFileReference section */

/* Begin PBXFrameworksBuildPhase section */
		EC7D87AC2545C9EB00A66EB3 /* Frameworks */ = {
			isa = PBXFrameworksBuildPhase;
			buildActionMask = 2147483647;
			files = (
			);
			runOnlyForDeploymentPostprocessing = 0;
		};
/* End PBXFrameworksBuildPhase section */

/* Begin PBXGroup section */
		EC7D87A62545C9EB00A66EB3 = {
			isa = PBXGroup;
			children = (
				EC7D87B12545C9EB00A66EB3 /* LayoutUpdateCycle */,
				EC7D87B02545C9EB00A66EB3 /* Products */,
			);
			sourceTree = "<group>";
		};
		EC7D87B02545C9EB00A66EB3 /* Products */ = {
			isa = PBXGroup;
			children = (
				EC7D87AF2545C9EB00A66EB3 /* LayoutUpdateCycle.app */,
			);
			name = Products;
			sourceTree = "<group>";
		};
		EC7D87B12545C9EB00A66EB3 /* LayoutUpdateCycle */ = {
			isa = PBXGroup;
			children = (
				EC7D87B22545C9EB00A66EB3 /* AppDelegate.swift */,
				EC7D87B42545C9EB00A66EB3 /* SceneDelegate.swift */,
				EC7D87B62545C9EB00A66EB3 /* ViewController.swift */,
				EC7D87B82545C9EB00A66EB3 /* Main.storyboard */,
				EC7D87BB2545C9EC00A66EB3 /* Assets.xcassets */,
				EC7D87BD2545C9EC00A66EB3 /* LaunchScreen.storyboard */,
				EC7D87C02545C9EC00A66EB3 /* Info.plist */,
			);
			path = LayoutUpdateCycle;
			sourceTree = "<group>";
		};
/* End PBXGroup section */

/* Begin PBXNativeTarget section */
		EC7D87AE2545C9EB00A66EB3 /* LayoutUpdateCycle */ = {
			isa = PBXNativeTarget;
			buildConfigurationList = EC7D87C32545C9EC00A66EB3 /* Build configuration list for PBXNativeTarget "LayoutUpdateCycle" */;
			buildPhases = (
				EC7D87AB2545C9EB00A66EB3 /* Sources */,
				EC7D87AC2545C9EB00A66EB3 /* Frameworks */,
				EC7D87AD2545C9EB00A66EB3 /* Resources */,
			);
			buildRules = (
			);
			dependencies = (
			);
			name = LayoutUpdateCycle;
			productName = LayoutUpdateCycle;
			productReference = EC7D87AF2545C9EB00A66EB3 /* LayoutUpdateCycle.app */;
			productType = "com.apple.product-type.application";
		};
/* End PBXNativeTarget section */

/* Begin PBXProject section */
		EC7D87A72545C9EB00A66EB3 /* Project object */ = {
			isa = PBXProject;
			attributes = {
				LastSwiftUpdateCheck = 1160;
				LastUpgradeCheck = 1160;
				ORGANIZATIONNAME = jinnify;
				TargetAttributes = {
					EC7D87AE2545C9EB00A66EB3 = {
						CreatedOnToolsVersion = 11.6;
					};
				};
			};
			buildConfigurationList = EC7D87AA2545C9EB00A66EB3 /* Build configuration list for PBXProject "LayoutUpdateCycle" */;
			compatibilityVersion = "Xcode 9.3";
			developmentRegion = en;
			hasScannedForEncodings = 0;
			knownRegions = (
				en,
				Base,
			);
			mainGroup = EC7D87A62545C9EB00A66EB3;
			productRefGroup = EC7D87B02545C9EB00A66EB3 /* Products */;
			projectDirPath = "";
			projectRoot = "";
			targets = (
				EC7D87AE2545C9EB00A66EB3 /* LayoutUpdateCycle */,
			);
		};
/* End PBXProject section */

/* Begin PBXResourcesBuildPhase section */
		EC7D87AD2545C9EB00A66EB3 /* Resources */ = {
			isa = PBXResourcesBuildPhase;
			buildActionMask = 2147483647;
			files = (
				EC7D87BF2545C9EC00A66EB3 /* LaunchScreen.storyboard in Resources */,
				EC7D87BC2545C9EC00A66EB3 /* Assets.xcassets in Resources */,
				EC7D87BA2545C9EB00A66EB3 /* Main.storyboard in Resources */,
			);
			runOnlyForDeploymentPostprocessing = 0;
		};
/* End PBXResourcesBuildPhase section */

/* Begin PBXSourcesBuildPhase section */
		EC7D87AB2545C9EB00A66EB3 /* Sources */ = {
			isa = PBXSourcesBuildPhase;
			buildActionMask = 2147483647;
			files = (
				EC7D87B72545C9EB00A66EB3 /* ViewController.swift in Sources */,
				EC7D87B32545C9EB00A66EB3 /* AppDelegate.swift in Sources */,
				EC7D87B52545C9EB00A66EB3 /* SceneDelegate.swift in Sources */,
			);
			runOnlyForDeploymentPostprocessing = 0;
		};
/* End PBXSourcesBuildPhase section */

/* Begin PBXVariantGroup section */
		EC7D87B82545C9EB00A66EB3 /* Main.storyboard */ = {
			isa = PBXVariantGroup;
			children = (
				EC7D87B92545C9EB00A66EB3 /* Base */,
			);
			name = Main.storyboard;
			sourceTree = "<group>";
		};
		EC7D87BD2545C9EC00A66EB3 /* LaunchScreen.storyboard */ = {
			isa = PBXVariantGroup;
			children = (
				EC7D87BE2545C9EC00A66EB3 /* Base */,
			);
			name = LaunchScreen.storyboard;
			sourceTree = "<group>";
		};
/* End PBXVariantGroup section */

/* Begin XCBuildConfiguration section */
		EC7D87C12545C9EC00A66EB3 /* Debug */ = {
			isa = XCBuildConfiguration;
			buildSettings = {
				ALWAYS_SEARCH_USER_PATHS = NO;
				CLANG_ANALYZER_NONNULL = YES;
				CLANG_ANALYZER_NUMBER_OBJECT_CONVERSION = YES_AGGRESSIVE;
				CLANG_CXX_LANGUAGE_STANDARD = "gnu++14";
				CLANG_CXX_LIBRARY = "libc++";
				CLANG_ENABLE_MODULES = YES;
				CLANG_ENABLE_OBJC_ARC = YES;
				CLANG_ENABLE_OBJC_WEAK = YES;
				CLANG_WARN_BLOCK_CAPTURE_AUTORELEASING = YES;
				CLANG_WARN_BOOL_CONVERSION = YES;
				CLANG_WARN_COMMA = YES;
				CLANG_WARN_CONSTANT_CONVERSION = YES;
				CLANG_WARN_DEPRECATED_OBJC_IMPLEMENTATIONS = YES;
				CLANG_WARN_DIRECT_OBJC_ISA_USAGE = YES_ERROR;
				CLANG_WARN_DOCUMENTATION_COMMENTS = YES;
				CLANG_WARN_EMPTY_BODY = YES;
				CLANG_WARN_ENUM_CONVERSION = YES;
				CLANG_WARN_INFINITE_RECURSION = YES;
				CLANG_WARN_INT_CONVERSION = YES;
				CLANG_WARN_NON_LITERAL_NULL_CONVERSION = YES;
				CLANG_WARN_OBJC_IMPLICIT_RETAIN_SELF = YES;
				CLANG_WARN_OBJC_LITERAL_CONVERSION = YES;
				CLANG_WARN_OBJC_ROOT_CLASS = YES_ERROR;
				CLANG_WARN_RANGE_LOOP_ANALYSIS = YES;
				CLANG_WARN_STRICT_PROTOTYPES = YES;
				CLANG_WARN_SUSPICIOUS_MOVE = YES;
				CLANG_WARN_UNGUARDED_AVAILABILITY = YES_AGGRESSIVE;
				CLANG_WARN_UNREACHABLE_CODE = YES;
				CLANG_WARN__DUPLICATE_METHOD_MATCH = YES;
				COPY_PHASE_STRIP = NO;
				DEBUG_INFORMATION_FORMAT = dwarf;
				ENABLE_STRICT_OBJC_MSGSEND = YES;
				ENABLE_TESTABILITY = YES;
				GCC_C_LANGUAGE_STANDARD = gnu11;
				GCC_DYNAMIC_NO_PIC = NO;
				GCC_NO_COMMON_BLOCKS = YES;
				GCC_OPTIMIZATION_LEVEL = 0;
				GCC_PREPROCESSOR_DEFINITIONS = (
					"DEBUG=1",
					"$(inherited)",
				);
				GCC_WARN_64_TO_32_BIT_CONVERSION = YES;
				GCC_WARN_ABOUT_RETURN_TYPE = YES_ERROR;
				GCC_WARN_UNDECLARED_SELECTOR = YES;
				GCC_WARN_UNINITIALIZED_AUTOS = YES_AGGRESSIVE;
				GCC_WARN_UNUSED_FUNCTION = YES;
				GCC_WARN_UNUSED_VARIABLE = YES;
				IPHONEOS_DEPLOYMENT_TARGET = 13.6;
				MTL_ENABLE_DEBUG_INFO = INCLUDE_SOURCE;
				MTL_FAST_MATH = YES;
				ONLY_ACTIVE_ARCH = YES;
				SDKROOT = iphoneos;
				SWIFT_ACTIVE_COMPILATION_CONDITIONS = DEBUG;
				SWIFT_OPTIMIZATION_LEVEL = "-Onone";
			};
			name = Debug;
		};
		EC7D87C22545C9EC00A66EB3 /* Release */ = {
			isa = XCBuildConfiguration;
			buildSettings = {
				ALWAYS_SEARCH_USER_PATHS = NO;
				CLANG_ANALYZER_NONNULL = YES;
				CLANG_ANALYZER_NUMBER_OBJECT_CONVERSION = YES_AGGRESSIVE;
				CLANG_CXX_LANGUAGE_STANDARD = "gnu++14";
				CLANG_CXX_LIBRARY = "libc++";
				CLANG_ENABLE_MODULES = YES;
				CLANG_ENABLE_OBJC_ARC = YES;
				CLANG_ENABLE_OBJC_WEAK = YES;
				CLANG_WARN_BLOCK_CAPTURE_AUTORELEASING = YES;
				CLANG_WARN_BOOL_CONVERSION = YES;
				CLANG_WARN_COMMA = YES;
				CLANG_WARN_CONSTANT_CONVERSION = YES;
				CLANG_WARN_DEPRECATED_OBJC_IMPLEMENTATIONS = YES;
				CLANG_WARN_DIRECT_OBJC_ISA_USAGE = YES_ERROR;
				CLANG_WARN_DOCUMENTATION_COMMENTS = YES;
				CLANG_WARN_EMPTY_BODY = YES;
				CLANG_WARN_ENUM_CONVERSION = YES;
				CLANG_WARN_INFINITE_RECURSION = YES;
				CLANG_WARN_INT_CONVERSION = YES;
				CLANG_WARN_NON_LITERAL_NULL_CONVERSION = YES;
				CLANG_WARN_OBJC_IMPLICIT_RETAIN_SELF = YES;
				CLANG_WARN_OBJC_LITERAL_CONVERSION = YES;
				CLANG_WARN_OBJC_ROOT_CLASS = YES_ERROR;
				CLANG_WARN_RANGE_LOOP_ANALYSIS = YES;
				CLANG_WARN_STRICT_PROTOTYPES = YES;
				CLANG_WARN_SUSPICIOUS_MOVE = YES;
				CLANG_WARN_UNGUARDED_AVAILABILITY = YES_AGGRESSIVE;
				CLANG_WARN_UNREACHABLE_CODE = YES;
				CLANG_WARN__DUPLICATE_METHOD_MATCH = YES;
				COPY_PHASE_STRIP = NO;
				DEBUG_INFORMATION_FORMAT = "dwarf-with-dsym";
				ENABLE_NS_ASSERTIONS = NO;
				ENABLE_STRICT_OBJC_MSGSEND = YES;
				GCC_C_LANGUAGE_STANDARD = gnu11;
				GCC_NO_COMMON_BLOCKS = YES;
				GCC_WARN_64_TO_32_BIT_CONVERSION = YES;
				GCC_WARN_ABOUT_RETURN_TYPE = YES_ERROR;
				GCC_WARN_UNDECLARED_SELECTOR = YES;
				GCC_WARN_UNINITIALIZED_AUTOS = YES_AGGRESSIVE;
				GCC_WARN_UNUSED_FUNCTION = YES;
				GCC_WARN_UNUSED_VARIABLE = YES;
				IPHONEOS_DEPLOYMENT_TARGET = 13.6;
				MTL_ENABLE_DEBUG_INFO = NO;
				MTL_FAST_MATH = YES;
				SDKROOT = iphoneos;
				SWIFT_COMPILATION_MODE = wholemodule;
				SWIFT_OPTIMIZATION_LEVEL = "-O";
				VALIDATE_PRODUCT = YES;
			};
			name = Release;
		};
		EC7D87C42545C9EC00A66EB3 /* Debug */ = {
			isa = XCBuildConfiguration;
			buildSettings = {
				ASSETCATALOG_COMPILER_APPICON_NAME = AppIcon;
				CODE_SIGN_STYLE = Automatic;
				DEVELOPMENT_TEAM = CNMQE42DQF;
				INFOPLIST_FILE = LayoutUpdateCycle/Info.plist;
				LD_RUNPATH_SEARCH_PATHS = (
					"$(inherited)",
					"@executable_path/Frameworks",
				);
				PRODUCT_BUNDLE_IDENTIFIER = com.jinnify.LayoutUpdateCycle;
				PRODUCT_NAME = "$(TARGET_NAME)";
				SWIFT_VERSION = 5.0;
				TARGETED_DEVICE_FAMILY = "1,2";
			};
			name = Debug;
		};
		EC7D87C52545C9EC00A66EB3 /* Release */ = {
			isa = XCBuildConfiguration;
			buildSettings = {
				ASSETCATALOG_COMPILER_APPICON_NAME = AppIcon;
				CODE_SIGN_STYLE = Automatic;
				DEVELOPMENT_TEAM = CNMQE42DQF;
				INFOPLIST_FILE = LayoutUpdateCycle/Info.plist;
				LD_RUNPATH_SEARCH_PATHS = (
					"$(inherited)",
					"@executable_path/Frameworks",
				);
				PRODUCT_BUNDLE_IDENTIFIER = com.jinnify.LayoutUpdateCycle;
				PRODUCT_NAME = "$(TARGET_NAME)";
				SWIFT_VERSION = 5.0;
				TARGETED_DEVICE_FAMILY = "1,2";
			};
			name = Release;
		};
/* End XCBuildConfiguration section */

/* Begin XCConfigurationList section */
		EC7D87AA2545C9EB00A66EB3 /* Build configuration list for PBXProject "LayoutUpdateCycle" */ = {
			isa = XCConfigurationList;
			buildConfigurations = (
				EC7D87C12545C9EC00A66EB3 /* Debug */,
				EC7D87C22545C9EC00A66EB3 /* Release */,
			);
			defaultConfigurationIsVisible = 0;
			defaultConfigurationName = Release;
		};
		EC7D87C32545C9EC00A66EB3 /* Build configuration list for PBXNativeTarget "LayoutUpdateCycle" */ = {
			isa = XCConfigurationList;
			buildConfigurations = (
				EC7D87C42545C9EC00A66EB3 /* Debug */,
				EC7D87C52545C9EC00A66EB3 /* Release */,
			);
			defaultConfigurationIsVisible = 0;
			defaultConfigurationName = Release;
		};
/* End XCConfigurationList section */
	};
	rootObject = EC7D87A72545C9EB00A66EB3 /* Project object */;
}
